
Microsoft Visual Studio Solution File, Format Version 12.00
# Visual Studio 15
VisualStudioVersion = 15.0.28307.705
MinimumVisualStudioVersion = 10.0.40219.1
Project("{FAE04EC0-301F-11D3-BF4B-00C04F79EFBC}") = "Features-Tuples", "Features-Tuples\Features-Tuples.csproj", "{0627A93C-D284-4E75-BB0C-EA7DA216A4AA}"
EndProject
Global
	GlobalSection(SolutionConfigurationPlatforms) = preSolution
		Debug|Any CPU = Debug|Any CPU
		Release|Any CPU = Release|Any CPU
	EndGlobalSection
	GlobalSection(ProjectConfigurationPlatforms) = postSolution
		{0627A93C-D284-4E75-BB0C-EA7DA216A4AA}.Debug|Any CPU.ActiveCfg = Debug|Any CPU
		{0627A93C-D284-4E75-BB0C-EA7DA216A4AA}.Debug|Any CPU.Build.0 = Debug|Any CPU
		{0627A93C-D284-4E75-BB0C-EA7DA216A4AA}.Release|Any CPU.ActiveCfg = Release|Any CPU
		{0627A93C-D284-4E75-BB0C-EA7DA216A4AA}.Release|Any CPU.Build.0 = Release|Any CPU
	EndGlobalSection
	GlobalSection(SolutionProperties) = preSolution
		HideSolutionNode = FALSE
	EndGlobalSection
	GlobalSection(ExtensibilityGlobals) = postSolution
		SolutionGuid = {26ECCBD8-320A-45B0-B5E6-5019EE8883C4}
	EndGlobalSection
EndGlobal
